# This is a Gradle generated file for dependency locking.
# Manual edits can break the build and are not advised.
# This file is expected to be part of source control.
ca.weblite:java-objc-bridge:1.1=compileClasspath,neoFormRuntimeDependenciesCompileClasspath
com.electronwill.night-config:core:3.6.4=additionalRuntimeClasspath,clientLegacyClasspath,compileClasspath,dataLegacyClasspath,gameTestServerLegacyClasspath,neoFormRuntimeDependenciesCompileClasspath,neoFormRuntimeDependenciesRuntimeClasspath,remappingDependencies,runtimeClasspath,serverLegacyClasspath
com.electronwill.night-config:toml:3.6.4=additionalRuntimeClasspath,clientLegacyClasspath,compileClasspath,dataLegacyClasspath,gameTestServerLegacyClasspath,neoFormRuntimeDependenciesCompileClasspath,neoFormRuntimeDependenciesRuntimeClasspath,remappingDependencies,runtimeClasspath,serverLegacyClasspath
com.github.oshi:oshi-core:6.2.2=additionalRuntimeClasspath,clientLegacyClasspath,compileClasspath,dataLegacyClasspath,gameTestServerLegacyClasspath,neoFormRuntimeDependenciesCompileClasspath,neoFormRuntimeDependenciesNeoForgeClasses,neoFormRuntimeDependenciesRuntimeClasspath,remappingDependencies,runtimeClasspath,serverLegacyClasspath
com.google.code.findbugs:jsr305:3.0.2=additionalRuntimeClasspath,checkstyle,clientLegacyClasspath,compileClasspath,dataLegacyClasspath,gameTestServerLegacyClasspath,neoFormRuntimeDependenciesCompileClasspath,neoFormRuntimeDependenciesRuntimeClasspath,remappingDependencies,runtimeClasspath,serverLegacyClasspath
com.google.code.gson:gson:2.10=additionalRuntimeClasspath,clientLegacyClasspath,compileClasspath,dataLegacyClasspath,gameTestServerLegacyClasspath,neoFormRuntimeDependenciesCompileClasspath,neoFormRuntimeDependenciesNeoForgeClasses,neoFormRuntimeDependenciesRuntimeClasspath,remappingDependencies,runtimeClasspath,serverLegacyClasspath
com.google.code.gson:gson:2.10.1=neoFormRuntimeExternalTools
com.google.errorprone:error_prone_annotations:2.11.0=additionalRuntimeClasspath,clientLegacyClasspath,compileClasspath,dataLegacyClasspath,gameTestServerLegacyClasspath,neoFormRuntimeDependenciesCompileClasspath,neoFormRuntimeDependenciesRuntimeClasspath,remappingDependencies,runtimeClasspath,serverLegacyClasspath
com.google.errorprone:error_prone_annotations:2.36.0=checkstyle
com.google.guava:failureaccess:1.0.1=additionalRuntimeClasspath,clientLegacyClasspath,compileClasspath,dataLegacyClasspath,gameTestServerLegacyClasspath,neoFormRuntimeDependenciesCompileClasspath,neoFormRuntimeDependenciesNeoForgeClasses,neoFormRuntimeDependenciesRuntimeClasspath,remappingDependencies,runtimeClasspath,serverLegacyClasspath
com.google.guava:failureaccess:1.0.3=checkstyle
com.google.guava:guava:31.1-jre=additionalRuntimeClasspath,clientLegacyClasspath,compileClasspath,dataLegacyClasspath,gameTestServerLegacyClasspath,neoFormRuntimeDependenciesCompileClasspath,neoFormRuntimeDependenciesNeoForgeClasses,neoFormRuntimeDependenciesRuntimeClasspath,remappingDependencies,runtimeClasspath,serverLegacyClasspath
com.google.guava:guava:33.4.8-jre=checkstyle
com.google.guava:listenablefuture:9999.0-empty-to-avoid-conflict-with-guava=additionalRuntimeClasspath,checkstyle,clientLegacyClasspath,compileClasspath,dataLegacyClasspath,gameTestServerLegacyClasspath,neoFormRuntimeDependenciesCompileClasspath,neoFormRuntimeDependenciesRuntimeClasspath,remappingDependencies,runtimeClasspath,serverLegacyClasspath
com.google.j2objc:j2objc-annotations:1.3=additionalRuntimeClasspath,clientLegacyClasspath,compileClasspath,dataLegacyClasspath,gameTestServerLegacyClasspath,neoFormRuntimeDependenciesCompileClasspath,neoFormRuntimeDependenciesRuntimeClasspath,remappingDependencies,runtimeClasspath,serverLegacyClasspath
com.google.j2objc:j2objc-annotations:3.0.0=checkstyle
com.ibm.icu:icu4j:61.1=additionalRuntimeClasspath,clientLegacyClasspath,compileClasspath,dataLegacyClasspath,gameTestServerLegacyClasspath,neoFormRuntimeDependenciesCompileClasspath,neoFormRuntimeDependenciesRuntimeClasspath,remappingDependencies,runtimeClasspath,serverLegacyClasspath
com.ibm.icu:icu4j:71.1=neoFormRuntimeDependenciesNeoForgeClasses
com.machinezoo.noexception:noexception:1.7.1=additionalRuntimeClasspath,clientLegacyClasspath,compileClasspath,dataLegacyClasspath,gameTestServerLegacyClasspath,neoFormRuntimeDependenciesCompileClasspath,neoFormRuntimeDependenciesRuntimeClasspath,remappingDependencies,runtimeClasspath,serverLegacyClasspath
com.mojang:authlib:4.0.43=additionalRuntimeClasspath,clientLegacyClasspath,compileClasspath,dataLegacyClasspath,gameTestServerLegacyClasspath,neoFormRuntimeDependenciesCompileClasspath,neoFormRuntimeDependenciesNeoForgeClasses,neoFormRuntimeDependenciesRuntimeClasspath,remappingDependencies,runtimeClasspath,serverLegacyClasspath
com.mojang:blocklist:1.0.10=additionalRuntimeClasspath,clientLegacyClasspath,compileClasspath,dataLegacyClasspath,neoFormRuntimeDependenciesCompileClasspath,neoFormRuntimeDependenciesNeoForgeClasses,neoFormRuntimeDependenciesRuntimeClasspath,remappingDependencies,runtimeClasspath
com.mojang:brigadier:1.1.8=additionalRuntimeClasspath,clientLegacyClasspath,compileClasspath,dataLegacyClasspath,gameTestServerLegacyClasspath,neoFormRuntimeDependenciesCompileClasspath,neoFormRuntimeDependenciesNeoForgeClasses,neoFormRuntimeDependenciesRuntimeClasspath,remappingDependencies,runtimeClasspath,serverLegacyClasspath
com.mojang:datafixerupper:6.0.8=additionalRuntimeClasspath,clientLegacyClasspath,compileClasspath,dataLegacyClasspath,gameTestServerLegacyClasspath,neoFormRuntimeDependenciesCompileClasspath,neoFormRuntimeDependenciesNeoForgeClasses,neoFormRuntimeDependenciesRuntimeClasspath,remappingDependencies,runtimeClasspath,serverLegacyClasspath
com.mojang:logging:1.1.1=additionalRuntimeClasspath,clientLegacyClasspath,compileClasspath,dataLegacyClasspath,gameTestServerLegacyClasspath,neoFormRuntimeDependenciesCompileClasspath,neoFormRuntimeDependenciesNeoForgeClasses,neoFormRuntimeDependenciesRuntimeClasspath,remappingDependencies,runtimeClasspath,serverLegacyClasspath
com.mojang:patchy:2.2.10=additionalRuntimeClasspath,clientLegacyClasspath,compileClasspath,dataLegacyClasspath,neoFormRuntimeDependenciesCompileClasspath,neoFormRuntimeDependenciesNeoForgeClasses,neoFormRuntimeDependenciesRuntimeClasspath,remappingDependencies,runtimeClasspath
com.mojang:text2speech:1.17.9=additionalRuntimeClasspath,clientLegacyClasspath,compileClasspath,dataLegacyClasspath,neoFormRuntimeDependenciesCompileClasspath,neoFormRuntimeDependenciesNeoForgeClasses,neoFormRuntimeDependenciesRuntimeClasspath,remappingDependencies,runtimeClasspath
com.nothome:javaxdelta:2.0.1=neoFormRuntimeExternalTools
com.puppycrawl.tools:checkstyle:10.26.1=checkstyle
commons-beanutils:commons-beanutils:1.11.0=checkstyle
commons-codec:commons-codec:1.15=additionalRuntimeClasspath,checkstyle,clientLegacyClasspath,compileClasspath,dataLegacyClasspath,neoFormRuntimeDependenciesCompileClasspath,neoFormRuntimeDependenciesNeoForgeClasses,neoFormRuntimeDependenciesRuntimeClasspath,remappingDependencies,runtimeClasspath
commons-collections:commons-collections:3.2.2=checkstyle
commons-io:commons-io:2.11.0=additionalRuntimeClasspath,clientLegacyClasspath,compileClasspath,dataLegacyClasspath,gameTestServerLegacyClasspath,neoFormRuntimeDependenciesCompileClasspath,neoFormRuntimeDependenciesNeoForgeClasses,neoFormRuntimeDependenciesRuntimeClasspath,remappingDependencies,runtimeClasspath,serverLegacyClasspath
commons-logging:commons-logging:1.2=additionalRuntimeClasspath,clientLegacyClasspath,compileClasspath,dataLegacyClasspath,neoFormRuntimeDependenciesCompileClasspath,neoFormRuntimeDependenciesNeoForgeClasses,neoFormRuntimeDependenciesRuntimeClasspath,remappingDependencies,runtimeClasspath
cpw.mods:bootstraplauncher:1.1.2=additionalRuntimeClasspath,clientLegacyClasspath,clientModulesOnly,compileClasspath,dataLegacyClasspath,dataModulesOnly,gameTestServerLegacyClasspath,gameTestServerModulesOnly,neoFormRuntimeDependenciesCompileClasspath,neoFormRuntimeDependenciesRuntimeClasspath,remappingDependencies,runtimeClasspath,serverLegacyClasspath,serverModulesOnly
cpw.mods:modlauncher:10.0.9=additionalRuntimeClasspath,clientLegacyClasspath,compileClasspath,dataLegacyClasspath,gameTestServerLegacyClasspath,neoFormRuntimeDependenciesCompileClasspath,neoFormRuntimeDependenciesRuntimeClasspath,remappingDependencies,runtimeClasspath,serverLegacyClasspath
cpw.mods:securejarhandler:2.1.10=additionalRuntimeClasspath,clientLegacyClasspath,clientModulesOnly,compileClasspath,dataLegacyClasspath,dataModulesOnly,gameTestServerLegacyClasspath,gameTestServerModulesOnly,neoFormRuntimeDependenciesCompileClasspath,neoFormRuntimeDependenciesRuntimeClasspath,remappingDependencies,runtimeClasspath,serverLegacyClasspath,serverModulesOnly
de.oceanlabs.mcp:mcp_config:1.20.1=additionalRuntimeClasspath,clientLegacyClasspath,compileClasspath,dataLegacyClasspath,gameTestServerLegacyClasspath,neoFormRuntimeDependenciesCompileClasspath,neoFormRuntimeDependenciesNeoForgeClasses,neoFormRuntimeDependenciesRuntimeClasspath,remappingDependencies,runtimeClasspath,serverLegacyClasspath
de.siegmar:fastcsv:2.0.0=neoFormRuntimeExternalTools
info.picocli:picocli:4.7.7=checkstyle
io.codechicken:DiffPatch:2.0.0.36=neoFormRuntimeExternalTools
io.netty:netty-buffer:4.1.82.Final=additionalRuntimeClasspath,clientLegacyClasspath,compileClasspath,dataLegacyClasspath,gameTestServerLegacyClasspath,neoFormRuntimeDependenciesCompileClasspath,neoFormRuntimeDependenciesNeoForgeClasses,neoFormRuntimeDependenciesRuntimeClasspath,remappingDependencies,runtimeClasspath,serverLegacyClasspath
io.netty:netty-codec:4.1.82.Final=additionalRuntimeClasspath,clientLegacyClasspath,compileClasspath,dataLegacyClasspath,gameTestServerLegacyClasspath,neoFormRuntimeDependenciesCompileClasspath,neoFormRuntimeDependenciesNeoForgeClasses,neoFormRuntimeDependenciesRuntimeClasspath,remappingDependencies,runtimeClasspath,serverLegacyClasspath
io.netty:netty-common:4.1.82.Final=additionalRuntimeClasspath,clientLegacyClasspath,compileClasspath,dataLegacyClasspath,gameTestServerLegacyClasspath,neoFormRuntimeDependenciesCompileClasspath,neoFormRuntimeDependenciesNeoForgeClasses,neoFormRuntimeDependenciesRuntimeClasspath,remappingDependencies,runtimeClasspath,serverLegacyClasspath
io.netty:netty-handler:4.1.82.Final=additionalRuntimeClasspath,clientLegacyClasspath,compileClasspath,dataLegacyClasspath,gameTestServerLegacyClasspath,neoFormRuntimeDependenciesCompileClasspath,neoFormRuntimeDependenciesNeoForgeClasses,neoFormRuntimeDependenciesRuntimeClasspath,remappingDependencies,runtimeClasspath,serverLegacyClasspath
io.netty:netty-resolver:4.1.82.Final=additionalRuntimeClasspath,clientLegacyClasspath,compileClasspath,dataLegacyClasspath,gameTestServerLegacyClasspath,neoFormRuntimeDependenciesCompileClasspath,neoFormRuntimeDependenciesNeoForgeClasses,neoFormRuntimeDependenciesRuntimeClasspath,remappingDependencies,runtimeClasspath,serverLegacyClasspath
io.netty:netty-transport-classes-epoll:4.1.82.Final=additionalRuntimeClasspath,clientLegacyClasspath,compileClasspath,dataLegacyClasspath,gameTestServerLegacyClasspath,neoFormRuntimeDependenciesCompileClasspath,neoFormRuntimeDependenciesNeoForgeClasses,neoFormRuntimeDependenciesRuntimeClasspath,remappingDependencies,runtimeClasspath,serverLegacyClasspath
io.netty:netty-transport-native-epoll:4.1.82.Final=gameTestServerLegacyClasspath,serverLegacyClasspath
io.netty:netty-transport-native-unix-common:4.1.82.Final=additionalRuntimeClasspath,clientLegacyClasspath,compileClasspath,dataLegacyClasspath,gameTestServerLegacyClasspath,neoFormRuntimeDependenciesCompileClasspath,neoFormRuntimeDependenciesNeoForgeClasses,neoFormRuntimeDependenciesRuntimeClasspath,remappingDependencies,runtimeClasspath,serverLegacyClasspath
io.netty:netty-transport:4.1.82.Final=additionalRuntimeClasspath,clientLegacyClasspath,compileClasspath,dataLegacyClasspath,gameTestServerLegacyClasspath,neoFormRuntimeDependenciesCompileClasspath,neoFormRuntimeDependenciesNeoForgeClasses,neoFormRuntimeDependenciesRuntimeClasspath,remappingDependencies,runtimeClasspath,serverLegacyClasspath
it.unimi.dsi:fastutil:8.3.1=neoFormRuntimeExternalTools
it.unimi.dsi:fastutil:8.5.9=additionalRuntimeClasspath,clientLegacyClasspath,compileClasspath,dataLegacyClasspath,gameTestServerLegacyClasspath,neoFormRuntimeDependenciesCompileClasspath,neoFormRuntimeDependenciesNeoForgeClasses,neoFormRuntimeDependenciesRuntimeClasspath,remappingDependencies,runtimeClasspath,serverLegacyClasspath
net.covers1624:Quack:0.4.10.101=neoFormRuntimeExternalTools
net.java.dev.jna:jna-platform:5.12.1=additionalRuntimeClasspath,clientLegacyClasspath,compileClasspath,dataLegacyClasspath,gameTestServerLegacyClasspath,neoFormRuntimeDependenciesCompileClasspath,neoFormRuntimeDependenciesNeoForgeClasses,neoFormRuntimeDependenciesRuntimeClasspath,remappingDependencies,runtimeClasspath,serverLegacyClasspath
net.java.dev.jna:jna:5.10.0=compileClasspath
net.java.dev.jna:jna:5.12.1=additionalRuntimeClasspath,clientLegacyClasspath,dataLegacyClasspath,gameTestServerLegacyClasspath,neoFormRuntimeDependenciesCompileClasspath,neoFormRuntimeDependenciesNeoForgeClasses,neoFormRuntimeDependenciesRuntimeClasspath,remappingDependencies,runtimeClasspath,serverLegacyClasspath
net.jodah:typetools:0.6.3=additionalRuntimeClasspath,clientLegacyClasspath,compileClasspath,dataLegacyClasspath,gameTestServerLegacyClasspath,neoFormRuntimeDependenciesCompileClasspath,neoFormRuntimeDependenciesRuntimeClasspath,remappingDependencies,runtimeClasspath,serverLegacyClasspath
net.minecraftforge:JarJarFileSystems:0.3.19=additionalRuntimeClasspath,clientLegacyClasspath,clientModulesOnly,compileClasspath,dataLegacyClasspath,dataModulesOnly,gameTestServerLegacyClasspath,gameTestServerModulesOnly,neoFormRuntimeDependenciesCompileClasspath,neoFormRuntimeDependenciesRuntimeClasspath,remappingDependencies,runtimeClasspath,serverLegacyClasspath,serverModulesOnly
net.minecraftforge:JarJarMetadata:0.3.19=additionalRuntimeClasspath,clientLegacyClasspath,compileClasspath,dataLegacyClasspath,gameTestServerLegacyClasspath,neoFormRuntimeDependenciesCompileClasspath,neoFormRuntimeDependenciesRuntimeClasspath,remappingDependencies,runtimeClasspath,serverLegacyClasspath
net.minecraftforge:JarJarSelector:0.3.19=additionalRuntimeClasspath,clientLegacyClasspath,compileClasspath,dataLegacyClasspath,gameTestServerLegacyClasspath,neoFormRuntimeDependenciesCompileClasspath,neoFormRuntimeDependenciesRuntimeClasspath,remappingDependencies,runtimeClasspath,serverLegacyClasspath
net.minecraftforge:accesstransformers:8.0.4=additionalRuntimeClasspath,clientLegacyClasspath,compileClasspath,dataLegacyClasspath,gameTestServerLegacyClasspath,neoFormRuntimeDependenciesCompileClasspath,neoFormRuntimeDependenciesRuntimeClasspath,remappingDependencies,runtimeClasspath,serverLegacyClasspath
net.minecraftforge:coremods:5.2.4=additionalRuntimeClasspath,clientLegacyClasspath,compileClasspath,dataLegacyClasspath,gameTestServerLegacyClasspath,neoFormRuntimeDependenciesCompileClasspath,neoFormRuntimeDependenciesRuntimeClasspath,remappingDependencies,runtimeClasspath,serverLegacyClasspath
net.minecraftforge:eventbus:6.2.33=additionalRuntimeClasspath,clientLegacyClasspath,compileClasspath,dataLegacyClasspath,gameTestServerLegacyClasspath,neoFormRuntimeDependenciesCompileClasspath,neoFormRuntimeDependenciesRuntimeClasspath,remappingDependencies,runtimeClasspath,serverLegacyClasspath
net.minecraftforge:fmlcore:1.20.1-47.4.20=additionalRuntimeClasspath,clientLegacyClasspath,compileClasspath,dataLegacyClasspath,gameTestServerLegacyClasspath,neoFormRuntimeDependenciesCompileClasspath,neoFormRuntimeDependenciesRuntimeClasspath,remappingDependencies,runtimeClasspath,serverLegacyClasspath
net.minecraftforge:fmlearlydisplay:1.20.1-47.4.20=additionalRuntimeClasspath,clientLegacyClasspath,compileClasspath,dataLegacyClasspath,gameTestServerLegacyClasspath,neoFormRuntimeDependenciesCompileClasspath,neoFormRuntimeDependenciesRuntimeClasspath,remappingDependencies,runtimeClasspath,serverLegacyClasspath
net.minecraftforge:fmlloader:1.20.1-47.4.20=additionalRuntimeClasspath,clientLegacyClasspath,compileClasspath,dataLegacyClasspath,gameTestServerLegacyClasspath,neoFormRuntimeDependenciesCompileClasspath,neoFormRuntimeDependenciesRuntimeClasspath,remappingDependencies,runtimeClasspath,serverLegacyClasspath
net.minecraftforge:forge:1.20.1-47.4.20=additionalRuntimeClasspath,clientLegacyClasspath,clientModulesOnly,compileClasspath,dataLegacyClasspath,dataModulesOnly,gameTestServerLegacyClasspath,gameTestServerModulesOnly,neoForgeConfigOnly,neoFormRuntimeDependenciesCompileClasspath,neoFormRuntimeDependenciesNeoForgeClasses,neoFormRuntimeDependenciesNeoForgeSources,neoFormRuntimeDependenciesRuntimeClasspath,remappingDependencies,runtimeClasspath,serverLegacyClasspath,serverModulesOnly
net.minecraftforge:forgespi:7.0.1=additionalRuntimeClasspath,clientLegacyClasspath,compileClasspath,dataLegacyClasspath,gameTestServerLegacyClasspath,neoFormRuntimeDependenciesCompileClasspath,neoFormRuntimeDependenciesRuntimeClasspath,remappingDependencies,runtimeClasspath,serverLegacyClasspath
net.minecraftforge:javafmllanguage:1.20.1-47.4.20=additionalRuntimeClasspath,clientLegacyClasspath,compileClasspath,dataLegacyClasspath,gameTestServerLegacyClasspath,neoFormRuntimeDependenciesCompileClasspath,neoFormRuntimeDependenciesRuntimeClasspath,remappingDependencies,runtimeClasspath,serverLegacyClasspath
net.minecraftforge:lowcodelanguage:1.20.1-47.4.20=additionalRuntimeClasspath,clientLegacyClasspath,compileClasspath,dataLegacyClasspath,gameTestServerLegacyClasspath,neoFormRuntimeDependenciesCompileClasspath,neoFormRuntimeDependenciesRuntimeClasspath,remappingDependencies,runtimeClasspath,serverLegacyClasspath
net.minecraftforge:mclanguage:1.20.1-47.4.20=additionalRuntimeClasspath,clientLegacyClasspath,compileClasspath,dataLegacyClasspath,gameTestServerLegacyClasspath,neoFormRuntimeDependenciesCompileClasspath,neoFormRuntimeDependenciesRuntimeClasspath,remappingDependencies,runtimeClasspath,serverLegacyClasspath
net.minecraftforge:mergetool:1.1.5=additionalRuntimeClasspath,clientLegacyClasspath,dataLegacyClasspath,gameTestServerLegacyClasspath,neoFormRuntimeDependenciesCompileClasspath,neoFormRuntimeDependenciesRuntimeClasspath,remappingDependencies,runtimeClasspath,serverLegacyClasspath
net.minecraftforge:mergetool:1.1.7=compileClasspath,neoFormRuntimeExternalTools
net.minecraftforge:srgutils:0.4.11=additionalRuntimeClasspath,clientLegacyClasspath,dataLegacyClasspath,gameTestServerLegacyClasspath,neoFormRuntimeDependenciesRuntimeClasspath,remappingDependencies,runtimeClasspath,serverLegacyClasspath
net.minecraftforge:srgutils:0.4.15=neoFormRuntimeExternalTools
net.minecraftforge:unsafe:0.2.0=additionalRuntimeClasspath,clientLegacyClasspath,compileClasspath,dataLegacyClasspath,gameTestServerLegacyClasspath,neoFormRuntimeDependenciesCompileClasspath,neoFormRuntimeDependenciesRuntimeClasspath,remappingDependencies,runtimeClasspath,serverLegacyClasspath
net.minecrell:terminalconsoleappender:1.2.0=additionalRuntimeClasspath,clientLegacyClasspath,compileClasspath,dataLegacyClasspath,gameTestServerLegacyClasspath,neoFormRuntimeDependenciesCompileClasspath,neoFormRuntimeDependenciesRuntimeClasspath,remappingDependencies,runtimeClasspath,serverLegacyClasspath
net.neoforged.accesstransformers:at-parser:13.0.1=neoFormRuntimeExternalTools
net.neoforged.installertools:binarypatcher:4.0.12=neoFormRuntimeExternalTools
net.neoforged.installertools:cli-utils:4.0.12=neoFormRuntimeExternalTools
net.neoforged.installertools:installertools:3.0.4=installerToolsRuntime
net.neoforged.installertools:installertools:4.0.12=neoFormRuntimeExternalTools
net.neoforged.javadoctor:gson-io:2.0.17=neoFormRuntimeExternalTools
net.neoforged.javadoctor:spec:2.0.17=neoFormRuntimeExternalTools
net.neoforged.jst:jst-cli-bundle:2.0.6=neoFormRuntimeExternalTools
net.neoforged:AutoRenamingTool:2.0.17=neoFormRuntimeExternalTools
net.neoforged:AutoRenamingTool:2.0.4=autoRenamingToolRuntime
net.neoforged:DevLaunch:1.0.2=devLaunchConfig,runtimeClasspath
net.neoforged:accesstransformers:13.0.1=neoFormRuntimeExternalTools
net.neoforged:minecraft-dependencies:1.20.1=additionalRuntimeClasspath,clientLegacyClasspath,compileClasspath,dataLegacyClasspath,gameTestServerLegacyClasspath,neoFormRuntimeDependenciesCompileClasspath,neoFormRuntimeDependenciesNeoForgeClasses,neoFormRuntimeDependenciesRuntimeClasspath,remappingDependencies,runtimeClasspath,serverLegacyClasspath
net.neoforged:neoform-runtime:2.0.18=neoFormRuntimeExternalTools,neoFormRuntimeTool
net.neoforged:srgutils:1.0.0=neoFormRuntimeExternalTools
net.sf.jopt-simple:jopt-simple:5.0.4=additionalRuntimeClasspath,clientLegacyClasspath,compileClasspath,dataLegacyClasspath,gameTestServerLegacyClasspath,neoFormRuntimeDependenciesCompileClasspath,neoFormRuntimeDependenciesNeoForgeClasses,neoFormRuntimeDependenciesRuntimeClasspath,remappingDependencies,runtimeClasspath,serverLegacyClasspath
net.sf.jopt-simple:jopt-simple:6.0-alpha-3=neoFormRuntimeExternalTools
net.sf.saxon:Saxon-HE:12.5=checkstyle
org.abego.treelayout:org.abego.treelayout.core:1.0.3=additionalRuntimeClasspath,clientLegacyClasspath,compileClasspath,dataLegacyClasspath,gameTestServerLegacyClasspath,neoFormRuntimeDependenciesCompileClasspath,neoFormRuntimeDependenciesRuntimeClasspath,remappingDependencies,runtimeClasspath,serverLegacyClasspath
org.antlr:ST4:4.3=additionalRuntimeClasspath,clientLegacyClasspath,compileClasspath,dataLegacyClasspath,gameTestServerLegacyClasspath,neoFormRuntimeDependenciesCompileClasspath,neoFormRuntimeDependenciesRuntimeClasspath,remappingDependencies,runtimeClasspath,serverLegacyClasspath
org.antlr:antlr-runtime:3.5.2=additionalRuntimeClasspath,clientLegacyClasspath,compileClasspath,dataLegacyClasspath,gameTestServerLegacyClasspath,neoFormRuntimeDependenciesCompileClasspath,neoFormRuntimeDependenciesRuntimeClasspath,remappingDependencies,runtimeClasspath,serverLegacyClasspath
org.antlr:antlr4-runtime:4.13.2=checkstyle
org.antlr:antlr4-runtime:4.9.1=additionalRuntimeClasspath,clientLegacyClasspath,compileClasspath,dataLegacyClasspath,gameTestServerLegacyClasspath,neoFormRuntimeDependenciesCompileClasspath,neoFormRuntimeDependenciesRuntimeClasspath,remappingDependencies,runtimeClasspath,serverLegacyClasspath
org.antlr:antlr4:4.9.1=additionalRuntimeClasspath,clientLegacyClasspath,compileClasspath,dataLegacyClasspath,gameTestServerLegacyClasspath,neoFormRuntimeDependenciesCompileClasspath,neoFormRuntimeDependenciesRuntimeClasspath,remappingDependencies,runtimeClasspath,serverLegacyClasspath
org.apache.commons:commons-compress:1.18=neoFormRuntimeExternalTools
org.apache.commons:commons-compress:1.21=additionalRuntimeClasspath,clientLegacyClasspath,compileClasspath,dataLegacyClasspath,neoFormRuntimeDependenciesCompileClasspath,neoFormRuntimeDependenciesNeoForgeClasses,neoFormRuntimeDependenciesRuntimeClasspath,remappingDependencies,runtimeClasspath
org.apache.commons:commons-lang3:3.12.0=additionalRuntimeClasspath,clientLegacyClasspath,compileClasspath,dataLegacyClasspath,gameTestServerLegacyClasspath,neoFormRuntimeDependenciesCompileClasspath,neoFormRuntimeDependenciesNeoForgeClasses,neoFormRuntimeDependenciesRuntimeClasspath,remappingDependencies,runtimeClasspath,serverLegacyClasspath
org.apache.commons:commons-lang3:3.8.1=checkstyle
org.apache.commons:commons-lang3:3.9=neoFormRuntimeExternalTools
org.apache.commons:commons-text:1.3=checkstyle
org.apache.httpcomponents.client5:httpclient5:5.1.3=checkstyle
org.apache.httpcomponents.core5:httpcore5-h2:5.1.3=checkstyle
org.apache.httpcomponents.core5:httpcore5:5.1.3=checkstyle
org.apache.httpcomponents:httpclient:4.5.13=additionalRuntimeClasspath,checkstyle,clientLegacyClasspath,compileClasspath,dataLegacyClasspath,neoFormRuntimeDependenciesCompileClasspath,neoFormRuntimeDependenciesNeoForgeClasses,neoFormRuntimeDependenciesRuntimeClasspath,remappingDependencies,runtimeClasspath
org.apache.httpcomponents:httpcore:4.4.14=checkstyle
org.apache.httpcomponents:httpcore:4.4.15=additionalRuntimeClasspath,clientLegacyClasspath,compileClasspath,dataLegacyClasspath,neoFormRuntimeDependenciesCompileClasspath,neoFormRuntimeDependenciesNeoForgeClasses,neoFormRuntimeDependenciesRuntimeClasspath,remappingDependencies,runtimeClasspath
org.apache.logging.log4j:log4j-api:2.19.0=additionalRuntimeClasspath,clientLegacyClasspath,compileClasspath,dataLegacyClasspath,gameTestServerLegacyClasspath,neoFormRuntimeDependenciesCompileClasspath,neoFormRuntimeDependenciesNeoForgeClasses,neoFormRuntimeDependenciesRuntimeClasspath,remappingDependencies,runtimeClasspath,serverLegacyClasspath
org.apache.logging.log4j:log4j-core:2.19.0=additionalRuntimeClasspath,clientLegacyClasspath,dataLegacyClasspath,gameTestServerLegacyClasspath,neoFormRuntimeDependenciesNeoForgeClasses,neoFormRuntimeDependenciesRuntimeClasspath,remappingDependencies,runtimeClasspath,serverLegacyClasspath
org.apache.logging.log4j:log4j-core:2.8.1=compileClasspath,neoFormRuntimeDependenciesCompileClasspath
org.apache.logging.log4j:log4j-slf4j2-impl:2.19.0=additionalRuntimeClasspath,clientLegacyClasspath,compileClasspath,dataLegacyClasspath,gameTestServerLegacyClasspath,neoFormRuntimeDependenciesCompileClasspath,neoFormRuntimeDependenciesNeoForgeClasses,neoFormRuntimeDependenciesRuntimeClasspath,remappingDependencies,runtimeClasspath,serverLegacyClasspath
org.apache.maven.doxia:doxia-core:1.12.0=checkstyle
org.apache.maven.doxia:doxia-logging-api:1.12.0=checkstyle
org.apache.maven.doxia:doxia-module-xdoc:1.12.0=checkstyle
org.apache.maven.doxia:doxia-sink-api:1.12.0=checkstyle
org.apache.maven:maven-artifact:3.8.5=additionalRuntimeClasspath,clientLegacyClasspath,compileClasspath,dataLegacyClasspath,gameTestServerLegacyClasspath,neoFormRuntimeDependenciesCompileClasspath,neoFormRuntimeDependenciesRuntimeClasspath,remappingDependencies,runtimeClasspath,serverLegacyClasspath
org.apache.xbean:xbean-reflect:3.7=checkstyle
org.apiguardian:apiguardian-api:1.1.2=testCompileClasspath
org.checkerframework:checker-qual:3.12.0=additionalRuntimeClasspath,clientLegacyClasspath,compileClasspath,dataLegacyClasspath,gameTestServerLegacyClasspath,neoFormRuntimeDependenciesCompileClasspath,neoFormRuntimeDependenciesRuntimeClasspath,remappingDependencies,runtimeClasspath,serverLegacyClasspath
org.checkerframework:checker-qual:3.49.3=checkstyle
org.codehaus.plexus:plexus-classworlds:2.6.0=checkstyle
org.codehaus.plexus:plexus-component-annotations:2.1.0=checkstyle
org.codehaus.plexus:plexus-container-default:2.1.0=checkstyle
org.codehaus.plexus:plexus-utils:3.3.0=additionalRuntimeClasspath,checkstyle,clientLegacyClasspath,compileClasspath,dataLegacyClasspath,gameTestServerLegacyClasspath,neoFormRuntimeDependenciesCompileClasspath,neoFormRuntimeDependenciesRuntimeClasspath,remappingDependencies,runtimeClasspath,serverLegacyClasspath
org.glassfish:javax.json:1.0.4=additionalRuntimeClasspath,clientLegacyClasspath,compileClasspath,dataLegacyClasspath,gameTestServerLegacyClasspath,neoFormRuntimeDependenciesCompileClasspath,neoFormRuntimeDependenciesRuntimeClasspath,remappingDependencies,runtimeClasspath,serverLegacyClasspath
org.javassist:javassist:3.28.0-GA=checkstyle
org.jetbrains:annotations:24.0.1=compileClasspath
org.jline:jline-reader:3.12.1=additionalRuntimeClasspath,clientLegacyClasspath,compileClasspath,dataLegacyClasspath,gameTestServerLegacyClasspath,neoFormRuntimeDependenciesCompileClasspath,neoFormRuntimeDependenciesRuntimeClasspath,remappingDependencies,runtimeClasspath,serverLegacyClasspath
org.jline:jline-terminal:3.12.1=additionalRuntimeClasspath,clientLegacyClasspath,compileClasspath,dataLegacyClasspath,gameTestServerLegacyClasspath,neoFormRuntimeDependenciesCompileClasspath,neoFormRuntimeDependenciesRuntimeClasspath,remappingDependencies,runtimeClasspath,serverLegacyClasspath
org.joml:joml:1.10.5=additionalRuntimeClasspath,clientLegacyClasspath,compileClasspath,dataLegacyClasspath,gameTestServerLegacyClasspath,neoFormRuntimeDependenciesCompileClasspath,neoFormRuntimeDependenciesNeoForgeClasses,neoFormRuntimeDependenciesRuntimeClasspath,remappingDependencies,runtimeClasspath,serverLegacyClasspath
org.jspecify:jspecify:1.0.0=checkstyle,testCompileClasspath
org.junit.jupiter:junit-jupiter-api:6.1.1=testCompileClasspath,testRuntimeClasspath
org.junit.jupiter:junit-jupiter-engine:6.1.1=testRuntimeClasspath
org.junit.jupiter:junit-jupiter-params:6.1.1=testCompileClasspath,testRuntimeClasspath
org.junit.jupiter:junit-jupiter:6.1.1=testCompileClasspath,testRuntimeClasspath
org.junit.platform:junit-platform-commons:6.1.1=testCompileClasspath,testRuntimeClasspath
org.junit.platform:junit-platform-engine:6.1.1=testRuntimeClasspath
org.junit.platform:junit-platform-launcher:6.1.1=testRuntimeClasspath
org.junit:junit-bom:6.1.1=testCompileClasspath,testRuntimeClasspath
org.lwjgl:lwjgl-glfw:3.3.1=additionalRuntimeClasspath,clientLegacyClasspath,compileClasspath,dataLegacyClasspath,gameTestServerLegacyClasspath,neoFormRuntimeDependenciesCompileClasspath,neoFormRuntimeDependenciesNeoForgeClasses,neoFormRuntimeDependenciesRuntimeClasspath,remappingDependencies,runtimeClasspath,serverLegacyClasspath
org.lwjgl:lwjgl-jemalloc:3.3.1=additionalRuntimeClasspath,clientLegacyClasspath,compileClasspath,dataLegacyClasspath,neoFormRuntimeDependenciesCompileClasspath,neoFormRuntimeDependenciesNeoForgeClasses,neoFormRuntimeDependenciesRuntimeClasspath,remappingDependencies,runtimeClasspath
org.lwjgl:lwjgl-openal:3.3.1=additionalRuntimeClasspath,clientLegacyClasspath,compileClasspath,dataLegacyClasspath,neoFormRuntimeDependenciesCompileClasspath,neoFormRuntimeDependenciesNeoForgeClasses,neoFormRuntimeDependenciesRuntimeClasspath,remappingDependencies,runtimeClasspath
org.lwjgl:lwjgl-opengl:3.3.1=additionalRuntimeClasspath,clientLegacyClasspath,compileClasspath,dataLegacyClasspath,gameTestServerLegacyClasspath,neoFormRuntimeDependenciesCompileClasspath,neoFormRuntimeDependenciesNeoForgeClasses,neoFormRuntimeDependenciesRuntimeClasspath,remappingDependencies,runtimeClasspath,serverLegacyClasspath
org.lwjgl:lwjgl-stb:3.3.1=additionalRuntimeClasspath,clientLegacyClasspath,compileClasspath,dataLegacyClasspath,gameTestServerLegacyClasspath,neoFormRuntimeDependenciesCompileClasspath,neoFormRuntimeDependenciesNeoForgeClasses,neoFormRuntimeDependenciesRuntimeClasspath,remappingDependencies,runtimeClasspath,serverLegacyClasspath
org.lwjgl:lwjgl-tinyfd:3.3.1=additionalRuntimeClasspath,clientLegacyClasspath,compileClasspath,dataLegacyClasspath,gameTestServerLegacyClasspath,neoFormRuntimeDependenciesCompileClasspath,neoFormRuntimeDependenciesNeoForgeClasses,neoFormRuntimeDependenciesRuntimeClasspath,remappingDependencies,runtimeClasspath,serverLegacyClasspath
org.lwjgl:lwjgl:3.3.1=additionalRuntimeClasspath,clientLegacyClasspath,compileClasspath,dataLegacyClasspath,gameTestServerLegacyClasspath,neoFormRuntimeDependenciesCompileClasspath,neoFormRuntimeDependenciesNeoForgeClasses,neoFormRuntimeDependenciesRuntimeClasspath,remappingDependencies,runtimeClasspath,serverLegacyClasspath
org.openjdk.nashorn:nashorn-core:15.4=additionalRuntimeClasspath,clientLegacyClasspath,compileClasspath,dataLegacyClasspath,gameTestServerLegacyClasspath,neoFormRuntimeDependenciesCompileClasspath,neoFormRuntimeDependenciesRuntimeClasspath,remappingDependencies,runtimeClasspath,serverLegacyClasspath
org.opentest4j:opentest4j:1.3.0=testCompileClasspath,testRuntimeClasspath
org.ow2.asm:asm-analysis:9.5=neoFormRuntimeExternalTools
org.ow2.asm:asm-analysis:9.9.1=additionalRuntimeClasspath,clientLegacyClasspath,clientModulesOnly,compileClasspath,dataLegacyClasspath,dataModulesOnly,gameTestServerLegacyClasspath,gameTestServerModulesOnly,neoFormRuntimeDependenciesCompileClasspath,neoFormRuntimeDependenciesRuntimeClasspath,remappingDependencies,runtimeClasspath,serverLegacyClasspath,serverModulesOnly
org.ow2.asm:asm-commons:9.9.1=additionalRuntimeClasspath,clientLegacyClasspath,clientModulesOnly,compileClasspath,dataLegacyClasspath,dataModulesOnly,gameTestServerLegacyClasspath,gameTestServerModulesOnly,neoFormRuntimeDependenciesCompileClasspath,neoFormRuntimeDependenciesRuntimeClasspath,neoFormRuntimeExternalTools,remappingDependencies,runtimeClasspath,serverLegacyClasspath,serverModulesOnly
org.ow2.asm:asm-tree:9.9.1=additionalRuntimeClasspath,clientLegacyClasspath,clientModulesOnly,compileClasspath,dataLegacyClasspath,dataModulesOnly,gameTestServerLegacyClasspath,gameTestServerModulesOnly,neoFormRuntimeDependenciesCompileClasspath,neoFormRuntimeDependenciesRuntimeClasspath,neoFormRuntimeExternalTools,remappingDependencies,runtimeClasspath,serverLegacyClasspath,serverModulesOnly
org.ow2.asm:asm-util:9.5=neoFormRuntimeExternalTools
org.ow2.asm:asm-util:9.9.1=additionalRuntimeClasspath,clientLegacyClasspath,clientModulesOnly,compileClasspath,dataLegacyClasspath,dataModulesOnly,gameTestServerLegacyClasspath,gameTestServerModulesOnly,neoFormRuntimeDependenciesCompileClasspath,neoFormRuntimeDependenciesRuntimeClasspath,remappingDependencies,runtimeClasspath,serverLegacyClasspath,serverModulesOnly
org.ow2.asm:asm:9.9.1=additionalRuntimeClasspath,clientLegacyClasspath,clientModulesOnly,compileClasspath,dataLegacyClasspath,dataModulesOnly,gameTestServerLegacyClasspath,gameTestServerModulesOnly,neoFormRuntimeDependenciesCompileClasspath,neoFormRuntimeDependenciesRuntimeClasspath,neoFormRuntimeExternalTools,remappingDependencies,runtimeClasspath,serverLegacyClasspath,serverModulesOnly
org.reflections:reflections:0.10.2=checkstyle
org.slf4j:slf4j-api:1.8.0-beta4=compileClasspath,neoFormRuntimeDependenciesCompileClasspath
org.slf4j:slf4j-api:2.0.0=additionalRuntimeClasspath,clientLegacyClasspath,dataLegacyClasspath,gameTestServerLegacyClasspath,neoFormRuntimeDependenciesRuntimeClasspath,remappingDependencies,runtimeClasspath,serverLegacyClasspath
org.slf4j:slf4j-api:2.0.1=neoFormRuntimeDependenciesNeoForgeClasses
org.slf4j:slf4j-simple:1.7.30=additionalRuntimeClasspath,clientLegacyClasspath,dataLegacyClasspath,gameTestServerLegacyClasspath,neoFormRuntimeDependenciesRuntimeClasspath,remappingDependencies,runtimeClasspath,serverLegacyClasspath
org.spongepowered:mixin:0.8.5=additionalRuntimeClasspath,clientLegacyClasspath,compileClasspath,dataLegacyClasspath,gameTestServerLegacyClasspath,neoFormRuntimeDependenciesCompileClasspath,neoFormRuntimeDependenciesRuntimeClasspath,remappingDependencies,runtimeClasspath,serverLegacyClasspath
org.tukaani:xz:1.10=neoFormRuntimeExternalTools
org.xmlresolver:xmlresolver:5.2.2=checkstyle
trove:trove:1.0.2=neoFormRuntimeExternalTools
empty=accessTransformers,annotationProcessor,interfaceInjectionData,jarJar,parchmentData,reobfApiElements,reobfRuntimeElements,testAnnotationProcessor,testJarJar
